<?xml version="1.0" encoding="utf-8"?>
<Project ToolsVersion="4.0" xmlns="http://schemas.microsoft.com/developer/msbuild/2003">
  <ItemGroup>
    <Filter Include="Source Files">
      <UniqueIdentifier>{4FC737F1-C7A5-4376-A066-2A32D752A2FF}</UniqueIdentifier>
      <Extensions>cpp;c;cc;cxx;c++;cppm;ixx;def;odl;idl;hpj;bat;asm;asmx</Extensions>
    </Filter>
    <Filter Include="Header Files">
      <UniqueIdentifier>{93995380-89BD-4b04-88EB-625FBE52EBFB}</UniqueIdentifier>
      <Extensions>h;hh;hpp;hxx;h++;hm;inl;inc;ipp;xsd</Extensions>
    </Filter>
    <Filter Include="Resource Files">
      <UniqueIdentifier>{67DA6AB6-F800-4c08-8B7A-83BB121AAD01}</UniqueIdentifier>
      <Extensions>rc;ico;cur;bmp;dlg;rc2;rct;bin;rgs;gif;jpg;jpeg;jpe;resx;tiff;tif;png;wav;mfcribbon-ms</Extensions>
    </Filter>
  </ItemGroup>
  <ItemGroup>
    <ClCompile Include="main.cpp">
      <Filter>Source Files</Filter>
    </ClCompile>
    <ClCompile Include="dependencies\oxorany\oxorany.cpp">
      <Filter>Source Files</Filter>
    </ClCompile>
    <ClCompile Include="dependencies\imgui\gui.cpp">
      <Filter>Source Files</Filter>
    </ClCompile>
    <ClCompile Include="dependencies\imgui\imgui.cpp">
      <Filter>Source Files</Filter>
    </ClCompile>
    <ClCompile Include="dependencies\imgui\imgui_draw.cpp">
      <Filter>Source Files</Filter>
    </ClCompile>
    <ClCompile Include="dependencies\imgui\imgui_freetype.cpp">
      <Filter>Source Files</Filter>
    </ClCompile>
    <ClCompile Include="dependencies\imgui\imgui_impl_dx11.cpp">
      <Filter>Source Files</Filter>
    </ClCompile>
    <ClCompile Include="dependencies\imgui\imgui_impl_win32.cpp">
      <Filter>Source Files</Filter>
    </ClCompile>
    <ClCompile Include="dependencies\imgui\imgui_tables.cpp">
      <Filter>Source Files</Filter>
    </ClCompile>
    <ClCompile Include="dependencies\imgui\imgui_widgets.cpp">
      <Filter>Source Files</Filter>
    </ClCompile>
    <ClCompile Include="workspace\render\menu\tabs\tab_aimbot.cpp">
      <Filter>Source Files</Filter>
    </ClCompile>
    <ClCompile Include="workspace\render\menu\tabs\tab_settings.cpp">
      <Filter>Source Files</Filter>
    </ClCompile>
    <ClCompile Include="workspace\render\menu\tabs\tab_visuals.cpp">
      <Filter>Source Files</Filter>
    </ClCompile>
  </ItemGroup>
  <ItemGroup>
    <ClInclude Include="dependencies\oxorany\include.h">
      <Filter>Header Files</Filter>
    </ClInclude>
    <ClInclude Include="dependencies\oxorany\oxorany.h">
      <Filter>Header Files</Filter>
    </ClInclude>
    <ClInclude Include="dependencies\freetype\include\freetype\config\ftconfig.h">
      <Filter>Header Files</Filter>
    </ClInclude>
    <ClInclude Include="dependencies\freetype\include\freetype\config\ftheader.h">
      <Filter>Header Files</Filter>
    </ClInclude>
    <ClInclude Include="dependencies\freetype\include\freetype\config\ftmodule.h">
      <Filter>Header Files</Filter>
    </ClInclude>
    <ClInclude Include="dependencies\freetype\include\freetype\config\ftoption.h">
      <Filter>Header Files</Filter>
    </ClInclude>
    <ClInclude Include="dependencies\freetype\include\freetype\config\ftstdlib.h">
      <Filter>Header Files</Filter>
    </ClInclude>
    <ClInclude Include="dependencies\freetype\include\freetype\config\integer-types.h">
      <Filter>Header Files</Filter>
    </ClInclude>
    <ClInclude Include="dependencies\freetype\include\freetype\config\mac-support.h">
      <Filter>Header Files</Filter>
    </ClInclude>
    <ClInclude Include="dependencies\freetype\include\freetype\config\public-macros.h">
      <Filter>Header Files</Filter>
    </ClInclude>
    <ClInclude Include="dependencies\freetype\include\freetype\freetype.h">
      <Filter>Header Files</Filter>
    </ClInclude>
    <ClInclude Include="dependencies\freetype\include\freetype\ftadvanc.h">
      <Filter>Header Files</Filter>
    </ClInclude>
    <ClInclude Include="dependencies\freetype\include\freetype\ftbbox.h">
      <Filter>Header Files</Filter>
    </ClInclude>
    <ClInclude Include="dependencies\freetype\include\freetype\ftbdf.h">
      <Filter>Header Files</Filter>
    </ClInclude>
    <ClInclude Include="dependencies\freetype\include\freetype\ftbitmap.h">
      <Filter>Header Files</Filter>
    </ClInclude>
    <ClInclude Include="dependencies\freetype\include\freetype\ftbzip2.h">
      <Filter>Header Files</Filter>
    </ClInclude>
    <ClInclude Include="dependencies\freetype\include\freetype\ftcache.h">
      <Filter>Header Files</Filter>
    </ClInclude>
    <ClInclude Include="dependencies\freetype\include\freetype\ftchapters.h">
      <Filter>Header Files</Filter>
    </ClInclude>
    <ClInclude Include="dependencies\freetype\include\freetype\ftcid.h">
      <Filter>Header Files</Filter>
    </ClInclude>
    <ClInclude Include="dependencies\freetype\include\freetype\ftcolor.h">
      <Filter>Header Files</Filter>
    </ClInclude>
    <ClInclude Include="dependencies\freetype\include\freetype\ftdriver.h">
      <Filter>Header Files</Filter>
    </ClInclude>
    <ClInclude Include="dependencies\freetype\include\freetype\fterrdef.h">
      <Filter>Header Files</Filter>
    </ClInclude>
    <ClInclude Include="dependencies\freetype\include\freetype\fterrors.h">
      <Filter>Header Files</Filter>
    </ClInclude>
    <ClInclude Include="dependencies\freetype\include\freetype\ftfntfmt.h">
      <Filter>Header Files</Filter>
    </ClInclude>
    <ClInclude Include="dependencies\freetype\include\freetype\ftgasp.h">
      <Filter>Header Files</Filter>
    </ClInclude>
    <ClInclude Include="dependencies\freetype\include\freetype\ftglyph.h">
      <Filter>Header Files</Filter>
    </ClInclude>
    <ClInclude Include="dependencies\freetype\include\freetype\ftgxval.h">
      <Filter>Header Files</Filter>
    </ClInclude>
    <ClInclude Include="dependencies\freetype\include\freetype\ftgzip.h">
      <Filter>Header Files</Filter>
    </ClInclude>
    <ClInclude Include="dependencies\freetype\include\freetype\ftimage.h">
      <Filter>Header Files</Filter>
    </ClInclude>
    <ClInclude Include="dependencies\freetype\include\freetype\ftincrem.h">
      <Filter>Header Files</Filter>
    </ClInclude>
    <ClInclude Include="dependencies\freetype\include\freetype\ftlcdfil.h">
      <Filter>Header Files</Filter>
    </ClInclude>
    <ClInclude Include="dependencies\freetype\include\freetype\ftlist.h">
      <Filter>Header Files</Filter>
    </ClInclude>
    <ClInclude Include="dependencies\freetype\include\freetype\ftlogging.h">
      <Filter>Header Files</Filter>
    </ClInclude>
    <ClInclude Include="dependencies\freetype\include\freetype\ftlzw.h">
      <Filter>Header Files</Filter>
    </ClInclude>
    <ClInclude Include="dependencies\freetype\include\freetype\ftmac.h">
      <Filter>Header Files</Filter>
    </ClInclude>
    <ClInclude Include="dependencies\freetype\include\freetype\ftmm.h">
      <Filter>Header Files</Filter>
    </ClInclude>
    <ClInclude Include="dependencies\freetype\include\freetype\ftmodapi.h">
      <Filter>Header Files</Filter>
    </ClInclude>
    <ClInclude Include="dependencies\freetype\include\freetype\ftmoderr.h">
      <Filter>Header Files</Filter>
    </ClInclude>
    <ClInclude Include="dependencies\freetype\include\freetype\ftotval.h">
      <Filter>Header Files</Filter>
    </ClInclude>
    <ClInclude Include="dependencies\freetype\include\freetype\ftoutln.h">
      <Filter>Header Files</Filter>
    </ClInclude>
    <ClInclude Include="dependencies\freetype\include\freetype\ftparams.h">
      <Filter>Header Files</Filter>
    </ClInclude>
    <ClInclude Include="dependencies\freetype\include\freetype\ftpfr.h">
      <Filter>Header Files</Filter>
    </ClInclude>
    <ClInclude Include="dependencies\freetype\include\freetype\ftrender.h">
      <Filter>Header Files</Filter>
    </ClInclude>
    <ClInclude Include="dependencies\freetype\include\freetype\ftsizes.h">
      <Filter>Header Files</Filter>
    </ClInclude>
    <ClInclude Include="dependencies\freetype\include\freetype\ftsnames.h">
      <Filter>Header Files</Filter>
    </ClInclude>
    <ClInclude Include="dependencies\freetype\include\freetype\ftstroke.h">
      <Filter>Header Files</Filter>
    </ClInclude>
    <ClInclude Include="dependencies\freetype\include\freetype\ftsynth.h">
      <Filter>Header Files</Filter>
    </ClInclude>
    <ClInclude Include="dependencies\freetype\include\freetype\ftsystem.h">
      <Filter>Header Files</Filter>
    </ClInclude>
    <ClInclude Include="dependencies\freetype\include\freetype\fttrigon.h">
      <Filter>Header Files</Filter>
    </ClInclude>
    <ClInclude Include="dependencies\freetype\include\freetype\fttypes.h">
      <Filter>Header Files</Filter>
    </ClInclude>
    <ClInclude Include="dependencies\freetype\include\freetype\ftwinfnt.h">
      <Filter>Header Files</Filter>
    </ClInclude>
    <ClInclude Include="dependencies\freetype\include\freetype\otsvg.h">
      <Filter>Header Files</Filter>
    </ClInclude>
    <ClInclude Include="dependencies\freetype\include\freetype\t1tables.h">
      <Filter>Header Files</Filter>
    </ClInclude>
    <ClInclude Include="dependencies\freetype\include\freetype\ttnameid.h">
      <Filter>Header Files</Filter>
    </ClInclude>
    <ClInclude Include="dependencies\freetype\include\freetype\tttables.h">
      <Filter>Header Files</Filter>
    </ClInclude>
    <ClInclude Include="dependencies\freetype\include\freetype\tttags.h">
      <Filter>Header Files</Filter>
    </ClInclude>
    <ClInclude Include="dependencies\freetype\include\ft2build.h">
      <Filter>Header Files</Filter>
    </ClInclude>
    <ClInclude Include="impl\driverless\day1.h">
      <Filter>Header Files</Filter>
    </ClInclude>
    <ClInclude Include="impl\utils\utils.h">
      <Filter>Header Files</Filter>
    </ClInclude>
    <ClInclude Include="workspace\render\overlay\overlay.h">
      <Filter>Header Files</Filter>
    </ClInclude>
    <ClInclude Include="workspace\render\overlay\find-window\window.h">
      <Filter>Header Files</Filter>
    </ClInclude>
    <ClInclude Include="dependencies\protection\imports\lazy-importer.h">
      <Filter>Header Files</Filter>
    </ClInclude>
    <ClInclude Include="workspace\render\loop\render.h">
      <Filter>Header Files</Filter>
    </ClInclude>
    <ClInclude Include="workspace\render\menu\menu.h">
      <Filter>Header Files</Filter>
    </ClInclude>
    <ClInclude Include="workspace\core\unreal-engine\memory\offsets.h">
      <Filter>Header Files</Filter>
    </ClInclude>
    <ClInclude Include="workspace\core\unreal-engine\memory\decryption\decryption.h">
      <Filter>Header Files</Filter>
    </ClInclude>
    <ClInclude Include="dependencies\mutation\engine\hashtypes\qtype_hash.hpp">
      <Filter>Header Files</Filter>
    </ClInclude>
    <ClInclude Include="dependencies\mutation\engine\polyhashtypes\qtype_enchash.hpp">
      <Filter>Header Files</Filter>
    </ClInclude>
    <ClInclude Include="dependencies\mutation\engine\polytypes\qtype_enc.hpp">
      <Filter>Header Files</Filter>
    </ClInclude>
    <ClInclude Include="dependencies\mutation\engine\qengine.hpp">
      <Filter>Header Files</Filter>
    </ClInclude>
    <ClInclude Include="dependencies\mutation\extern\asmjit\core\api-build_p.h">
      <Filter>Header Files</Filter>
    </ClInclude>
    <ClInclude Include="dependencies\mutation\extern\asmjit\core\api-config.h">
      <Filter>Header Files</Filter>
    </ClInclude>
    <ClInclude Include="dependencies\mutation\extern\asmjit\core\archcommons.h">
      <Filter>Header Files</Filter>
    </ClInclude>
    <ClInclude Include="dependencies\mutation\extern\asmjit\core\archtraits.h">
      <Filter>Header Files</Filter>
    </ClInclude>
    <ClInclude Include="dependencies\mutation\extern\asmjit\core\assembler.h">
      <Filter>Header Files</Filter>
    </ClInclude>
    <ClInclude Include="dependencies\mutation\extern\asmjit\core\builder.h">
      <Filter>Header Files</Filter>
    </ClInclude>
    <ClInclude Include="dependencies\mutation\extern\asmjit\core\builder_p.h">
      <Filter>Header Files</Filter>
    </ClInclude>
    <ClInclude Include="dependencies\mutation\extern\asmjit\core\codebuffer.h">
      <Filter>Header Files</Filter>
    </ClInclude>
    <ClInclude Include="dependencies\mutation\extern\asmjit\core\codeholder.h">
      <Filter>Header Files</Filter>
    </ClInclude>
    <ClInclude Include="dependencies\mutation\extern\asmjit\core\codewriter_p.h">
      <Filter>Header Files</Filter>
    </ClInclude>
    <ClInclude Include="dependencies\mutation\extern\asmjit\core\compiler.h">
      <Filter>Header Files</Filter>
    </ClInclude>
    <ClInclude Include="dependencies\mutation\extern\asmjit\core\compilerdefs.h">
      <Filter>Header Files</Filter>
    </ClInclude>
    <ClInclude Include="dependencies\mutation\extern\asmjit\core\constpool.h">
      <Filter>Header Files</Filter>
    </ClInclude>
    <ClInclude Include="dependencies\mutation\extern\asmjit\core\cpuinfo.h">
      <Filter>Header Files</Filter>
    </ClInclude>
    <ClInclude Include="dependencies\mutation\extern\asmjit\core\emithelper_p.h">
      <Filter>Header Files</Filter>
    </ClInclude>
    <ClInclude Include="dependencies\mutation\extern\asmjit\core\emitter.h">
      <Filter>Header Files</Filter>
    </ClInclude>
    <ClInclude Include="dependencies\mutation\extern\asmjit\core\emitterutils_p.h">
      <Filter>Header Files</Filter>
    </ClInclude>
    <ClInclude Include="dependencies\mutation\extern\asmjit\core\environment.h">
      <Filter>Header Files</Filter>
    </ClInclude>
    <ClInclude Include="dependencies\mutation\extern\asmjit\core\errorhandler.h">
      <Filter>Header Files</Filter>
    </ClInclude>
    <ClInclude Include="dependencies\mutation\extern\asmjit\core\formatter.h">
      <Filter>Header Files</Filter>
    </ClInclude>
    <ClInclude Include="dependencies\mutation\extern\asmjit\core\formatter_p.h">
      <Filter>Header Files</Filter>
    </ClInclude>
    <ClInclude Include="dependencies\mutation\extern\asmjit\core\func.h">
      <Filter>Header Files</Filter>
    </ClInclude>
    <ClInclude Include="dependencies\mutation\extern\asmjit\core\funcargscontext_p.h">
      <Filter>Header Files</Filter>
    </ClInclude>
    <ClInclude Include="dependencies\mutation\extern\asmjit\core\globals.h">
      <Filter>Header Files</Filter>
    </ClInclude>
    <ClInclude Include="dependencies\mutation\extern\asmjit\core\inst.h">
      <Filter>Header Files</Filter>
    </ClInclude>
    <ClInclude Include="dependencies\mutation\extern\asmjit\core\jitallocator.h">
      <Filter>Header Files</Filter>
    </ClInclude>
    <ClInclude Include="dependencies\mutation\extern\asmjit\core\jitruntime.h">
      <Filter>Header Files</Filter>
    </ClInclude>
    <ClInclude Include="dependencies\mutation\extern\asmjit\core\logger.h">
      <Filter>Header Files</Filter>
    </ClInclude>
    <ClInclude Include="dependencies\mutation\extern\asmjit\core\misc_p.h">
      <Filter>Header Files</Filter>
    </ClInclude>
    <ClInclude Include="dependencies\mutation\extern\asmjit\core\operand.h">
      <Filter>Header Files</Filter>
    </ClInclude>
    <ClInclude Include="dependencies\mutation\extern\asmjit\core\osutils.h">
      <Filter>Header Files</Filter>
    </ClInclude>
    <ClInclude Include="dependencies\mutation\extern\asmjit\core\osutils_p.h">
      <Filter>Header Files</Filter>
    </ClInclude>
    <ClInclude Include="dependencies\mutation\extern\asmjit\core\raassignment_p.h">
      <Filter>Header Files</Filter>
    </ClInclude>
    <ClInclude Include="dependencies\mutation\extern\asmjit\core\rabuilders_p.h">
      <Filter>Header Files</Filter>
    </ClInclude>
    <ClInclude Include="dependencies\mutation\extern\asmjit\core\radefs_p.h">
      <Filter>Header Files</Filter>
    </ClInclude>
    <ClInclude Include="dependencies\mutation\extern\asmjit\core\ralocal_p.h">
      <Filter>Header Files</Filter>
    </ClInclude>
    <ClInclude Include="dependencies\mutation\extern\asmjit\core\rapass_p.h">
      <Filter>Header Files</Filter>
    </ClInclude>
    <ClInclude Include="dependencies\mutation\extern\asmjit\core\rastack_p.h">
      <Filter>Header Files</Filter>
    </ClInclude>
    <ClInclude Include="dependencies\mutation\extern\asmjit\core\string.h">
      <Filter>Header Files</Filter>
    </ClInclude>
    <ClInclude Include="dependencies\mutation\extern\asmjit\core\support.h">
      <Filter>Header Files</Filter>
    </ClInclude>
    <ClInclude Include="dependencies\mutation\extern\asmjit\core\support_p.h">
      <Filter>Header Files</Filter>
    </ClInclude>
    <ClInclude Include="dependencies\mutation\extern\asmjit\core\target.h">
      <Filter>Header Files</Filter>
    </ClInclude>
    <ClInclude Include="dependencies\mutation\extern\asmjit\core\type.h">
      <Filter>Header Files</Filter>
    </ClInclude>
    <ClInclude Include="dependencies\mutation\extern\asmjit\core\virtmem.h">
      <Filter>Header Files</Filter>
    </ClInclude>
    <ClInclude Include="dependencies\mutation\extern\asmjit\core\zone.h">
      <Filter>Header Files</Filter>
    </ClInclude>
    <ClInclude Include="dependencies\mutation\extern\asmjit\core\zonehash.h">
      <Filter>Header Files</Filter>
    </ClInclude>
    <ClInclude Include="dependencies\mutation\extern\asmjit\core\zonelist.h">
      <Filter>Header Files</Filter>
    </ClInclude>
    <ClInclude Include="dependencies\mutation\extern\asmjit\core\zonestack.h">
      <Filter>Header Files</Filter>
    </ClInclude>
    <ClInclude Include="dependencies\mutation\extern\asmjit\core\zonestring.h">
      <Filter>Header Files</Filter>
    </ClInclude>
    <ClInclude Include="dependencies\mutation\extern\asmjit\core\zonetree.h">
      <Filter>Header Files</Filter>
    </ClInclude>
    <ClInclude Include="dependencies\mutation\extern\asmjit\core\zonevector.h">
      <Filter>Header Files</Filter>
    </ClInclude>
    <ClInclude Include="dependencies\mutation\extern\asmjit\a64.h">
      <Filter>Header Files</Filter>
    </ClInclude>
    <ClInclude Include="dependencies\mutation\extern\asmjit\arm.h">
      <Filter>Header Files</Filter>
    </ClInclude>
    <ClInclude Include="dependencies\mutation\extern\asmjit\asmjit.h">
      <Filter>Header Files</Filter>
    </ClInclude>
    <ClInclude Include="dependencies\mutation\extern\asmjit\asmjit-scope-begin.h">
      <Filter>Header Files</Filter>
    </ClInclude>
    <ClInclude Include="dependencies\mutation\extern\asmjit\asmjit-scope-end.h">
      <Filter>Header Files</Filter>
    </ClInclude>
    <ClInclude Include="dependencies\mutation\extern\asmjit\core.h">
      <Filter>Header Files</Filter>
    </ClInclude>
    <ClInclude Include="dependencies\mutation\extern\asmjit\x86.h">
      <Filter>Header Files</Filter>
    </ClInclude>
    <ClInclude Include="dependencies\mutation\extern\capstone\include\capstone\arm.h">
      <Filter>Header Files</Filter>
    </ClInclude>
    <ClInclude Include="dependencies\mutation\extern\capstone\include\capstone\arm64.h">
      <Filter>Header Files</Filter>
    </ClInclude>
    <ClInclude Include="dependencies\mutation\extern\capstone\include\capstone\capstone.h">
      <Filter>Header Files</Filter>
    </ClInclude>
    <ClInclude Include="dependencies\mutation\extern\capstone\include\capstone\evm.h">
      <Filter>Header Files</Filter>
    </ClInclude>
    <ClInclude Include="dependencies\mutation\extern\capstone\include\capstone\m68k.h">
      <Filter>Header Files</Filter>
    </ClInclude>
    <ClInclude Include="dependencies\mutation\extern\capstone\include\capstone\m680x.h">
      <Filter>Header Files</Filter>
    </ClInclude>
    <ClInclude Include="dependencies\mutation\extern\capstone\include\capstone\mips.h">
      <Filter>Header Files</Filter>
    </ClInclude>
    <ClInclude Include="dependencies\mutation\extern\capstone\include\capstone\platform.h">
      <Filter>Header Files</Filter>
    </ClInclude>
    <ClInclude Include="dependencies\mutation\extern\capstone\include\capstone\ppc.h">
      <Filter>Header Files</Filter>
    </ClInclude>
    <ClInclude Include="dependencies\mutation\extern\capstone\include\capstone\sparc.h">
      <Filter>Header Files</Filter>
    </ClInclude>
    <ClInclude Include="dependencies\mutation\extern\capstone\include\capstone\systemz.h">
      <Filter>Header Files</Filter>
    </ClInclude>
    <ClInclude Include="dependencies\mutation\extern\capstone\include\capstone\tms320c64x.h">
      <Filter>Header Files</Filter>
    </ClInclude>
    <ClInclude Include="dependencies\mutation\extern\capstone\include\capstone\x86.h">
      <Filter>Header Files</Filter>
    </ClInclude>
    <ClInclude Include="dependencies\mutation\extern\capstone\include\capstone\xcore.h">
      <Filter>Header Files</Filter>
    </ClInclude>
    <ClInclude Include="dependencies\mutation\extern\capstone\include\windowsce\intrin.h">
      <Filter>Header Files</Filter>
    </ClInclude>
    <ClInclude Include="dependencies\mutation\extern\capstone\include\windowsce\stdint.h">
      <Filter>Header Files</Filter>
    </ClInclude>
    <ClInclude Include="dependencies\mutation\extern\capstone\include\platform.h">
      <Filter>Header Files</Filter>
    </ClInclude>
    <ClInclude Include="dependencies\mutation\polyc\polyc.hpp">
      <Filter>Header Files</Filter>
    </ClInclude>
    <ClInclude Include="dependencies\mutation\qbase\qcallback.hpp">
      <Filter>Header Files</Filter>
    </ClInclude>
    <ClInclude Include="dependencies\mutation\qbase\qdef.hpp">
      <Filter>Header Files</Filter>
    </ClInclude>
    <ClInclude Include="dependencies\mutation\qbase\qexcept.hpp">
      <Filter>Header Files</Filter>
    </ClInclude>
    <ClInclude Include="dependencies\mutation\qbase\qpreprocess.hpp">
      <Filter>Header Files</Filter>
    </ClInclude>
    <ClInclude Include="dependencies\mutation\qbase\qstr.hpp">
      <Filter>Header Files</Filter>
    </ClInclude>
    <ClInclude Include="dependencies\mutation\qhash\qhash.hpp">
      <Filter>Header Files</Filter>
    </ClInclude>
    <ClInclude Include="dependencies\mutation\qhook\qhook_dtc.hpp">
      <Filter>Header Files</Filter>
    </ClInclude>
    <ClInclude Include="dependencies\mutation\qimport\qimport.hpp">
      <Filter>Header Files</Filter>
    </ClInclude>
    <ClInclude Include="dependencies\mutation\qmorph\qdisasm.hpp">
      <Filter>Header Files</Filter>
    </ClInclude>
    <ClInclude Include="dependencies\mutation\qmorph\qgen.hpp">
      <Filter>Header Files</Filter>
    </ClInclude>
    <ClInclude Include="dependencies\mutation\qutil\qcritical.hpp">
      <Filter>Header Files</Filter>
    </ClInclude>
    <ClInclude Include="dependencies\imgui\blur\directx_blur.h">
      <Filter>Header Files</Filter>
    </ClInclude>
    <ClInclude Include="dependencies\imgui\blur\pshader.hpp">
      <Filter>Header Files</Filter>
    </ClInclude>
    <ClInclude Include="dependencies\imgui\gui.h">
      <Filter>Header Files</Filter>
    </ClInclude>
    <ClInclude Include="dependencies\imgui\gui_colors.h">
      <Filter>Header Files</Filter>
    </ClInclude>
    <ClInclude Include="dependencies\imgui\gui_font.h">
      <Filter>Header Files</Filter>
    </ClInclude>
    <ClInclude Include="dependencies\imgui\gui_image.h">
      <Filter>Header Files</Filter>
    </ClInclude>
    <ClInclude Include="dependencies\imgui\imconfig.h">
      <Filter>Header Files</Filter>
    </ClInclude>
    <ClInclude Include="dependencies\imgui\imgui.h">
      <Filter>Header Files</Filter>
    </ClInclude>
    <ClInclude Include="dependencies\imgui\imgui_freetype.h">
      <Filter>Header Files</Filter>
    </ClInclude>
    <ClInclude Include="dependencies\imgui\imgui_impl_dx11.h">
      <Filter>Header Files</Filter>
    </ClInclude>
    <ClInclude Include="dependencies\imgui\imgui_impl_win32.h">
      <Filter>Header Files</Filter>
    </ClInclude>
    <ClInclude Include="dependencies\imgui\imgui_internal.h">
      <Filter>Header Files</Filter>
    </ClInclude>
    <ClInclude Include="dependencies\imgui\imgui_settings.h">
      <Filter>Header Files</Filter>
    </ClInclude>
    <ClInclude Include="dependencies\imgui\imstb_rectpack.h">
      <Filter>Header Files</Filter>
    </ClInclude>
    <ClInclude Include="dependencies\imgui\imstb_textedit.h">
      <Filter>Header Files</Filter>
    </ClInclude>
    <ClInclude Include="dependencies\imgui\imstb_truetype.h">
      <Filter>Header Files</Filter>
    </ClInclude>
    <ClInclude Include="workspace\core\unreal-engine\caching\cache.h">
      <Filter>Header Files</Filter>
    </ClInclude>
    <ClInclude Include="workspace\core\unreal-engine\sdk\sdk.h">
      <Filter>Header Files</Filter>
    </ClInclude>
    <ClInclude Include="workspace\core\unreal-engine\settings\settings.h">
      <Filter>Header Files</Filter>
    </ClInclude>
    <ClInclude Include="workspace\core\unreal-engine\actor\loop.h">
      <Filter>Header Files</Filter>
    </ClInclude>
    <ClInclude Include="workspace\core\unreal-engine\world\world.h">
      <Filter>Header Files</Filter>
    </ClInclude>
    <ClInclude Include="workspace\core\unreal-engine\actor\aimbot\aimbot.h">
      <Filter>Header Files</Filter>
    </ClInclude>
    <ClInclude Include="workspace\core\unreal-engine\actor\exploits\chams\chams.h">
      <Filter>Header Files</Filter>
    </ClInclude>
    <ClInclude Include="impl\controller\detection.h">
      <Filter>Header Files</Filter>
    </ClInclude>
    <ClInclude Include="dependencies\joyshock\JoyShockLibrary.h">
      <Filter>Header Files</Filter>
    </ClInclude>
  </ItemGroup>
  <ItemGroup>
    <Library Include="dependencies\freetype\win64\freetype.lib" />
    <Library Include="impl\driverless\day1.lib" />
    <Library Include="dependencies\joyshock\JoyShockLibrary.lib" />
  </ItemGroup>
</Project>